{
  "name": "dsh-tui-tools",
  "version": "0.1.0",
  "lockfileVersion": 3,
  "requires": true,
  "packages": {
    "": {
      "name": "dsh-tui-tools",
      "version": "0.1.0",
      "dependencies": {
        "pi-grok-mermaid": "^0.1.0",
        "smol-toml": "^1.8.0",
        "undici": "^8.10.0"
      }
    },
    "node_modules/pi-grok-mermaid": {
      "version": "0.1.0",
      "resolved": "https://registry.npmjs.org/pi-grok-mermaid/-/pi-grok-mermaid-0.1.0.tgz",
      "integrity": "sha512-/Mg6DZk70j7z4Lz6VjtrnYHty92qnItg8q02EWiYUspuIem9bxeYOnGy4Rg9oz/Dvh0gwrlStnnrFYTQHXd0WA==",
      "license": "MIT",
      "engines": {
        "node": ">=22.19.0"
      },
      "peerDependencies": {
        "@earendil-works/pi-coding-agent": "*",
        "@earendil-works/pi-tui": "*"
      },
      "peerDependenciesMeta": {
        "@earendil-works/pi-coding-agent": {
          "optional": true
        },
        "@earendil-works/pi-tui": {
          "optional": true
        }
      }
    },
    "node_modules/smol-toml": {
      "version": "1.8.0",
      "resolved": "https://registry.npmjs.org/smol-toml/-/smol-toml-1.8.0.tgz",
      "integrity": "sha512-kCZr2V3ch9i00x8zXRhjUNVcjG9ijES5dDudkXvUVCT5QlJNQWElSJdZqyPemffHoLNUYwOcou0Fy+ojN0uHSQ==",
      "license": "BSD-3-Clause",
      "engines": {
        "node": ">= 18"
      },
      "funding": {
        "url": "https://github.com/sponsors/cyyynthia"
      }
    },
    "node_modules/undici": {
      "version": "8.10.0",
      "resolved": "https://registry.npmjs.org/undici/-/undici-8.10.0.tgz",
      "integrity": "sha512-HvltHd7avK13QIw/oLe4qoOLyoVSoafqJ2jYOrtMRBkbYT31eiBQ8O0ehRKZiEZCMEyLFQNIADpgCWC5fALvYQ==",
      "license": "MIT",
      "engines": {
        "node": ">=22.19.0"
      }
    }
  }
}
